{
  "name": "Project4",
  "lockfileVersion": 2,
  "requires": true,
  "packages": {
    "": {
      "dependencies": {
        "@heroicons/react": "^1.0.6",
        "framer-motion": "^10.12.4",
        "react-lazy-load-image-component": "^1.5.6",
        "react-router-dom": "^6.10.0"
      }
    },
    "node_modules/@emotion/is-prop-valid": {
      "version": "0.8.8",
      "resolved": "https://registry.npmjs.org/@emotion/is-prop-valid/-/is-prop-valid-0.8.8.tgz",
      "integrity": "sha512-u5WtneEAr5IDG2Wv65yhunPSMLIpuKsbuOktRojfrEiEvRyC85LgPMZI63cr7NUqT8ZIGdSVg8ZKGxIug4lXcA==",
      "optional": true,
      "dependencies": {
        "@emotion/memoize": "0.7.4"
      }
    },
    "node_modules/@emotion/memoize": {
      "version": "0.7.4",
      "resolved": "https://registry.npmjs.org/@emotion/memoize/-/memoize-0.7.4.tgz",
      "integrity": "sha512-Ja/Vfqe3HpuzRsG1oBtWTHk2PGZ7GR+2Vz5iYGelAw8dx32K0y7PjVuxK6z1nMpZOqAFsRUPCkK1YjJ56qJlgw==",
      "optional": true
    },
    "node_modules/@heroicons/react": {
      "version": "1.0.6",
      "resolved": "https://registry.npmjs.org/@heroicons/react/-/react-1.0.6.tgz",
      "integrity": "sha512-JJCXydOFWMDpCP4q13iEplA503MQO3xLoZiKum+955ZCtHINWnx26CUxVxxFQu/uLb4LW3ge15ZpzIkXKkJ8oQ==",
      "peerDependencies": {
        "react": ">= 16"
      }
    },
    "node_modules/@remix-run/router": {
      "version": "1.5.0",
      "resolved": "https://registry.npmjs.org/@remix-run/router/-/router-1.5.0.tgz",
      "integrity": "sha512-bkUDCp8o1MvFO+qxkODcbhSqRa6P2GXgrGZVpt0dCXNW2HCSCqYI0ZoAqEOSAjRWmmlKcYgFvN4B4S+zo/f8kg==",
      "engines": {
        "node": ">=14"
      }
    },
    "node_modules/framer-motion": {
      "version": "10.12.4",
      "resolved": "https://registry.npmjs.org/framer-motion/-/framer-motion-10.12.4.tgz",
      "integrity": "sha512-9gLtv8T6dui0tujHROR+VM3kdJyKiFCFiD94IQE+0OuX6LaIyXtdVpviokVdrHSb1giWhmmX4yzoucALMx6mtw==",
      "dependencies": {
        "tslib": "^2.4.0"
      },
      "optionalDependencies": {
        "@emotion/is-prop-valid": "^0.8.2"
      },
      "peerDependencies": {
        "react": "^18.0.0",
        "react-dom": "^18.0.0"
      },
      "peerDependenciesMeta": {
        "react": {
          "optional": true
        },
        "react-dom": {
          "optional": true
        }
      }
    },
    "node_modules/js-tokens": {
      "version": "4.0.0",
      "resolved": "https://registry.npmjs.org/js-tokens/-/js-tokens-4.0.0.tgz",
      "integrity": "sha512-RdJUflcE3cUzKiMqQgsCu06FPu9UdIJO0beYbPhHN4k6apgJtifcoCtT9bcxOpYBtpD2kCM6Sbzg4CausW/PKQ==",
      "peer": true
    },
    "node_modules/lodash.debounce": {
      "version": "4.0.8",
      "resolved": "https://registry.npmjs.org/lodash.debounce/-/lodash.debounce-4.0.8.tgz",
      "integrity": "sha512-FT1yDzDYEoYWhnSGnpE/4Kj1fLZkDFyqRb7fNt6FdYOSxlUWAtp42Eh6Wb0rGIv/m9Bgo7x4GhQbm5Ys4SG5ow=="
    },
    "node_modules/lodash.throttle": {
      "version": "4.1.1",
      "resolved": "https://registry.npmjs.org/lodash.throttle/-/lodash.throttle-4.1.1.tgz",
      "integrity": "sha512-wIkUCfVKpVsWo3JSZlc+8MB5it+2AN5W8J7YVMST30UrvcQNZ1Okbj+rbVniijTWE6FGYy4XJq/rHkas8qJMLQ=="
    },
    "node_modules/loose-envify": {
      "version": "1.4.0",
      "resolved": "https://registry.npmjs.org/loose-envify/-/loose-envify-1.4.0.tgz",
      "integrity": "sha512-lyuxPGr/Wfhrlem2CL/UcnUc1zcqKAImBDzukY7Y5F/yQiNdko6+fRLevlw1HgMySw7f611UIY408EtxRSoK3Q==",
      "peer": true,
      "dependencies": {
        "js-tokens": "^3.0.0 || ^4.0.0"
      },
      "bin": {
        "loose-envify": "cli.js"
      }
    },
    "node_modules/react": {
      "version": "18.2.0",
      "resolved": "https://registry.npmjs.org/react/-/react-18.2.0.tgz",
      "integrity": "sha512-/3IjMdb2L9QbBdWiW5e3P2/npwMBaU9mHCSCUzNln0ZCYbcfTsGbTJrU/kGemdH2IWmB2ioZ+zkxtmq6g09fGQ==",
      "peer": true,
      "dependencies": {
        "loose-envify": "^1.1.0"
      },
      "engines": {
        "node": ">=0.10.0"
      }
    },
    "node_modules/react-dom": {
      "version": "18.2.0",
      "resolved": "https://registry.npmjs.org/react-dom/-/react-dom-18.2.0.tgz",
      "integrity": "sha512-6IMTriUmvsjHUjNtEDudZfuDQUoWXVxKHhlEGSk81n4YFS+r/Kl99wXiwlVXtPBtJenozv2P+hxDsw9eA7Xo6g==",
      "peer": true,
      "dependencies": {
        "loose-envify": "^1.1.0",
        "scheduler": "^0.23.0"
      },
      "peerDependencies": {
        "react": "^18.2.0"
      }
    },
    "node_modules/react-lazy-load-image-component": {
      "version": "1.5.6",
      "resolved": "https://registry.npmjs.org/react-lazy-load-image-component/-/react-lazy-load-image-component-1.5.6.tgz",
      "integrity": "sha512-M0jeJtOlTHgThOfgYM9krSqYbR6ShxROy/KVankwbw9/amPKG1t5GSGN1sei6Cyu8+QJVuyAUvQ+LFtCVTTlKw==",
      "dependencies": {
        "lodash.debounce": "^4.0.8",
        "lodash.throttle": "^4.1.1"
      },
      "peerDependencies": {
        "react": "^15.x.x || ^16.x.x || ^17.x.x || ^18.x.x",
        "react-dom": "^15.x.x || ^16.x.x || ^17.x.x || ^18.x.x"
      }
    },
    "node_modules/react-router": {
      "version": "6.10.0",
      "resolved": "https://registry.npmjs.org/react-router/-/react-router-6.10.0.tgz",
      "integrity": "sha512-Nrg0BWpQqrC3ZFFkyewrflCud9dio9ME3ojHCF/WLsprJVzkq3q3UeEhMCAW1dobjeGbWgjNn/PVF6m46ANxXQ==",
      "dependencies": {
        "@remix-run/router": "1.5.0"
      },
      "engines": {
        "node": ">=14"
      },
      "peerDependencies": {
        "react": ">=16.8"
      }
    },
    "node_modules/react-router-dom": {
      "version": "6.10.0",
      "resolved": "https://registry.npmjs.org/react-router-dom/-/react-router-dom-6.10.0.tgz",
      "integrity": "sha512-E5dfxRPuXKJqzwSe/qGcqdwa18QiWC6f3H3cWXM24qj4N0/beCIf/CWTipop2xm7mR0RCS99NnaqPNjHtrAzCg==",
      "dependencies": {
        "@remix-run/router": "1.5.0",
        "react-router": "6.10.0"
      },
      "engines": {
        "node": ">=14"
      },
      "peerDependencies": {
        "react": ">=16.8",
        "react-dom": ">=16.8"
      }
    },
    "node_modules/scheduler": {
      "version": "0.23.0",
      "resolved": "https://registry.npmjs.org/scheduler/-/scheduler-0.23.0.tgz",
      "integrity": "sha512-CtuThmgHNg7zIZWAXi3AsyIzA3n4xx7aNyjwC2VJldO2LMVDhFK+63xGqq6CsJH4rTAt6/M+N4GhZiDYPx9eUw==",
      "peer": true,
      "dependencies": {
        "loose-envify": "^1.1.0"
      }
    },
    "node_modules/tslib": {
      "version": "2.5.0",
      "resolved": "https://registry.npmjs.org/tslib/-/tslib-2.5.0.tgz",
      "integrity": "sha512-336iVw3rtn2BUK7ORdIAHTyxHGRIHVReokCR3XjbckJMK7ms8FysBfhLR8IXnAgy7T0PTPNBWKiH514FOW/WSg=="
    }
  },
  "dependencies": {
    "@emotion/is-prop-valid": {
      "version": "0.8.8",
      "resolved": "https://registry.npmjs.org/@emotion/is-prop-valid/-/is-prop-valid-0.8.8.tgz",
      "integrity": "sha512-u5WtneEAr5IDG2Wv65yhunPSMLIpuKsbuOktRojfrEiEvRyC85LgPMZI63cr7NUqT8ZIGdSVg8ZKGxIug4lXcA==",
      "optional": true,
      "requires": {
        "@emotion/memoize": "0.7.4"
      }
    },
    "@emotion/memoize": {
      "version": "0.7.4",
      "resolved": "https://registry.npmjs.org/@emotion/memoize/-/memoize-0.7.4.tgz",
      "integrity": "sha512-Ja/Vfqe3HpuzRsG1oBtWTHk2PGZ7GR+2Vz5iYGelAw8dx32K0y7PjVuxK6z1nMpZOqAFsRUPCkK1YjJ56qJlgw==",
      "optional": true
    },
    "@heroicons/react": {
      "version": "1.0.6",
      "resolved": "https://registry.npmjs.org/@heroicons/react/-/react-1.0.6.tgz",
      "integrity": "sha512-JJCXydOFWMDpCP4q13iEplA503MQO3xLoZiKum+955ZCtHINWnx26CUxVxxFQu/uLb4LW3ge15ZpzIkXKkJ8oQ==",
      "requires": {}
    },
    "@remix-run/router": {
      "version": "1.5.0",
      "resolved": "https://registry.npmjs.org/@remix-run/router/-/router-1.5.0.tgz",
      "integrity": "sha512-bkUDCp8o1MvFO+qxkODcbhSqRa6P2GXgrGZVpt0dCXNW2HCSCqYI0ZoAqEOSAjRWmmlKcYgFvN4B4S+zo/f8kg=="
    },
    "framer-motion": {
      "version": "10.12.4",
      "resolved": "https://registry.npmjs.org/framer-motion/-/framer-motion-10.12.4.tgz",
      "integrity": "sha512-9gLtv8T6dui0tujHROR+VM3kdJyKiFCFiD94IQE+0OuX6LaIyXtdVpviokVdrHSb1giWhmmX4yzoucALMx6mtw==",
      "requires": {
        "@emotion/is-prop-valid": "^0.8.2",
        "tslib": "^2.4.0"
      }
    },
    "js-tokens": {
      "version": "4.0.0",
      "resolved": "https://registry.npmjs.org/js-tokens/-/js-tokens-4.0.0.tgz",
      "integrity": "sha512-RdJUflcE3cUzKiMqQgsCu06FPu9UdIJO0beYbPhHN4k6apgJtifcoCtT9bcxOpYBtpD2kCM6Sbzg4CausW/PKQ==",
      "peer": true
    },
    "lodash.debounce": {
      "version": "4.0.8",
      "resolved": "https://registry.npmjs.org/lodash.debounce/-/lodash.debounce-4.0.8.tgz",
      "integrity": "sha512-FT1yDzDYEoYWhnSGnpE/4Kj1fLZkDFyqRb7fNt6FdYOSxlUWAtp42Eh6Wb0rGIv/m9Bgo7x4GhQbm5Ys4SG5ow=="
    },
    "lodash.throttle": {
      "version": "4.1.1",
      "resolved": "https://registry.npmjs.org/lodash.throttle/-/lodash.throttle-4.1.1.tgz",
      "integrity": "sha512-wIkUCfVKpVsWo3JSZlc+8MB5it+2AN5W8J7YVMST30UrvcQNZ1Okbj+rbVniijTWE6FGYy4XJq/rHkas8qJMLQ=="
    },
    "loose-envify": {
      "version": "1.4.0",
      "resolved": "https://registry.npmjs.org/loose-envify/-/loose-envify-1.4.0.tgz",
      "integrity": "sha512-lyuxPGr/Wfhrlem2CL/UcnUc1zcqKAImBDzukY7Y5F/yQiNdko6+fRLevlw1HgMySw7f611UIY408EtxRSoK3Q==",
      "peer": true,
      "requires": {
        "js-tokens": "^3.0.0 || ^4.0.0"
      }
    },
    "react": {
      "version": "18.2.0",
      "resolved": "https://registry.npmjs.org/react/-/react-18.2.0.tgz",
      "integrity": "sha512-/3IjMdb2L9QbBdWiW5e3P2/npwMBaU9mHCSCUzNln0ZCYbcfTsGbTJrU/kGemdH2IWmB2ioZ+zkxtmq6g09fGQ==",
      "peer": true,
      "requires": {
        "loose-envify": "^1.1.0"
      }
    },
    "react-dom": {
      "version": "18.2.0",
      "resolved": "https://registry.npmjs.org/react-dom/-/react-dom-18.2.0.tgz",
      "integrity": "sha512-6IMTriUmvsjHUjNtEDudZfuDQUoWXVxKHhlEGSk81n4YFS+r/Kl99wXiwlVXtPBtJenozv2P+hxDsw9eA7Xo6g==",
      "peer": true,
      "requires": {
        "loose-envify": "^1.1.0",
        "scheduler": "^0.23.0"
      }
    },
    "react-lazy-load-image-component": {
      "version": "1.5.6",
      "resolved": "https://registry.npmjs.org/react-lazy-load-image-component/-/react-lazy-load-image-component-1.5.6.tgz",
      "integrity": "sha512-M0jeJtOlTHgThOfgYM9krSqYbR6ShxROy/KVankwbw9/amPKG1t5GSGN1sei6Cyu8+QJVuyAUvQ+LFtCVTTlKw==",
      "requires": {
        "lodash.debounce": "^4.0.8",
        "lodash.throttle": "^4.1.1"
      }
    },
    "react-router": {
      "version": "6.10.0",
      "resolved": "https://registry.npmjs.org/react-router/-/react-router-6.10.0.tgz",
      "integrity": "sha512-Nrg0BWpQqrC3ZFFkyewrflCud9dio9ME3ojHCF/WLsprJVzkq3q3UeEhMCAW1dobjeGbWgjNn/PVF6m46ANxXQ==",
      "requires": {
        "@remix-run/router": "1.5.0"
      }
    },
    "react-router-dom": {
      "version": "6.10.0",
      "resolved": "https://registry.npmjs.org/react-router-dom/-/react-router-dom-6.10.0.tgz",
      "integrity": "sha512-E5dfxRPuXKJqzwSe/qGcqdwa18QiWC6f3H3cWXM24qj4N0/beCIf/CWTipop2xm7mR0RCS99NnaqPNjHtrAzCg==",
      "requires": {
        "@remix-run/router": "1.5.0",
        "react-router": "6.10.0"
      }
    },
    "scheduler": {
      "version": "0.23.0",
      "resolved": "https://registry.npmjs.org/scheduler/-/scheduler-0.23.0.tgz",
      "integrity": "sha512-CtuThmgHNg7zIZWAXi3AsyIzA3n4xx7aNyjwC2VJldO2LMVDhFK+63xGqq6CsJH4rTAt6/M+N4GhZiDYPx9eUw==",
      "peer": true,
      "requires": {
        "loose-envify": "^1.1.0"
      }
    },
    "tslib": {
      "version": "2.5.0",
      "resolved": "https://registry.npmjs.org/tslib/-/tslib-2.5.0.tgz",
      "integrity": "sha512-336iVw3rtn2BUK7ORdIAHTyxHGRIHVReokCR3XjbckJMK7ms8FysBfhLR8IXnAgy7T0PTPNBWKiH514FOW/WSg=="
    }
  }
}
